
Microsoft Visual Studio Solution File, Format Version 12.00
# Visual Studio Version 16
VisualStudioVersion = 16.0.31129.286
MinimumVisualStudioVersion = 10.0.40219.1
Project("{9A19103F-16F7-4668-BE54-9A1E7A4F7556}") = "Proje_Hastane", "Proje_Hastane.csproj", "{94F8E817-DBE6-40A6-9A70-BDE243602332}"
EndProject
Global
	GlobalSection(SolutionConfigurationPlatforms) = preSolution
		Debug|Any CPU = Debug|Any CPU
		Release|Any CPU = Release|Any CPU
	EndGlobalSection
	GlobalSection(ProjectConfigurationPlatforms) = postSolution
		{94F8E817-DBE6-40A6-9A70-BDE243602332}.Debug|Any CPU.ActiveCfg = Debug|Any CPU
		{94F8E817-DBE6-40A6-9A70-BDE243602332}.Debug|Any CPU.Build.0 = Debug|Any CPU
		{94F8E817-DBE6-40A6-9A70-BDE243602332}.Release|Any CPU.ActiveCfg = Release|Any CPU
		{94F8E817-DBE6-40A6-9A70-BDE243602332}.Release|Any CPU.Build.0 = Release|Any CPU
	EndGlobalSection
	GlobalSection(SolutionProperties) = preSolution
		HideSolutionNode = FALSE
	EndGlobalSection
	GlobalSection(ExtensibilityGlobals) = postSolution
		SolutionGuid = {6CA44CE2-E794-4780-864D-6DE08EE75588}
	EndGlobalSection
EndGlobal
